lockfileVersion: '6.0'

settings:
  autoInstallPeers: true
  excludeLinksFromLockfile: false

importers:

  .:
    devDependencies:
      turbo:
        specifier: 1.10.13
        version: 1.10.13

  packages/zod-forms:
    dependencies:
      react:
        specifier: '>=13'
        version: 18.2.0
      zod:
        specifier: ^3.22.2
        version: 3.22.2
    devDependencies:
      '@types/react':
        specifier: '>=18.2.21'
        version: 18.2.21
      turbo:
        specifier: 1.10.13
        version: 1.10.13
      typescript:
        specifier: 5.2.2
        version: 5.2.2

packages:

  /@types/prop-types@15.7.5:
    resolution: {integrity: sha512-JCB8C6SnDoQf0cNycqd/35A7MjcnK+ZTqE7judS6o7utxUCg6imJg3QK2qzHKszlTjcj2cn+NwMB2i96ubpj7w==}
    dev: true

  /@types/react@18.2.21:
    resolution: {integrity: sha512-neFKG/sBAwGxHgXiIxnbm3/AAVQ/cMRS93hvBpg8xYRbeQSPVABp9U2bRnPf0iI4+Ucdv3plSxKK+3CW2ENJxA==}
    dependencies:
      '@types/prop-types': 15.7.5
      '@types/scheduler': 0.16.3
      csstype: 3.1.2
    dev: true

  /@types/scheduler@0.16.3:
    resolution: {integrity: sha512-5cJ8CB4yAx7BH1oMvdU0Jh9lrEXyPkar6F9G/ERswkCuvP4KQZfZkSjcMbAICCpQTN4OuZn8tz0HiKv9TGZgrQ==}
    dev: true

  /csstype@3.1.2:
    resolution: {integrity: sha512-I7K1Uu0MBPzaFKg4nI5Q7Vs2t+3gWWW648spaF+Rg7pI9ds18Ugn+lvg4SHczUdKlHI5LWBXyqfS8+DufyBsgQ==}
    dev: true

  /js-tokens@4.0.0:
    resolution: {integrity: sha512-RdJUflcE3cUzKiMqQgsCu06FPu9UdIJO0beYbPhHN4k6apgJtifcoCtT9bcxOpYBtpD2kCM6Sbzg4CausW/PKQ==}
    dev: false

  /loose-envify@1.4.0:
    resolution: {integrity: sha512-lyuxPGr/Wfhrlem2CL/UcnUc1zcqKAImBDzukY7Y5F/yQiNdko6+fRLevlw1HgMySw7f611UIY408EtxRSoK3Q==}
    hasBin: true
    dependencies:
      js-tokens: 4.0.0
    dev: false

  /react@18.2.0:
    resolution: {integrity: sha512-/3IjMdb2L9QbBdWiW5e3P2/npwMBaU9mHCSCUzNln0ZCYbcfTsGbTJrU/kGemdH2IWmB2ioZ+zkxtmq6g09fGQ==}
    engines: {node: '>=0.10.0'}
    dependencies:
      loose-envify: 1.4.0
    dev: false

  /turbo-darwin-64@1.10.13:
    resolution: {integrity: sha512-vmngGfa2dlYvX7UFVncsNDMuT4X2KPyPJ2Jj+xvf5nvQnZR/3IeDEGleGVuMi/hRzdinoxwXqgk9flEmAYp0Xw==}
    cpu: [x64]
    os: [darwin]
    requiresBuild: true
    dev: true
    optional: true

  /turbo-darwin-arm64@1.10.13:
    resolution: {integrity: sha512-eMoJC+k7gIS4i2qL6rKmrIQGP6Wr9nN4odzzgHFngLTMimok2cGLK3qbJs5O5F/XAtEeRAmuxeRnzQwTl/iuAw==}
    cpu: [arm64]
    os: [darwin]
    requiresBuild: true
    dev: true
    optional: true

  /turbo-linux-64@1.10.13:
    resolution: {integrity: sha512-0CyYmnKTs6kcx7+JRH3nPEqCnzWduM0hj8GP/aodhaIkLNSAGAa+RiYZz6C7IXN+xUVh5rrWTnU2f1SkIy7Gdg==}
    cpu: [x64]
    os: [linux]
    requiresBuild: true
    dev: true
    optional: true

  /turbo-linux-arm64@1.10.13:
    resolution: {integrity: sha512-0iBKviSGQQlh2OjZgBsGjkPXoxvRIxrrLLbLObwJo3sOjIH0loGmVIimGS5E323soMfi/o+sidjk2wU1kFfD7Q==}
    cpu: [arm64]
    os: [linux]
    requiresBuild: true
    dev: true
    optional: true

  /turbo-windows-64@1.10.13:
    resolution: {integrity: sha512-S5XySRfW2AmnTeY1IT+Jdr6Goq7mxWganVFfrmqU+qqq3Om/nr0GkcUX+KTIo9mPrN0D3p5QViBRzulwB5iuUQ==}
    cpu: [x64]
    os: [win32]
    requiresBuild: true
    dev: true
    optional: true

  /turbo-windows-arm64@1.10.13:
    resolution: {integrity: sha512-nKol6+CyiExJIuoIc3exUQPIBjP9nIq5SkMJgJuxsot2hkgGrafAg/izVDRDrRduQcXj2s8LdtxJHvvnbI8hEQ==}
    cpu: [arm64]
    os: [win32]
    requiresBuild: true
    dev: true
    optional: true

  /turbo@1.10.13:
    resolution: {integrity: sha512-vOF5IPytgQPIsgGtT0n2uGZizR2N3kKuPIn4b5p5DdeLoI0BV7uNiydT7eSzdkPRpdXNnO8UwS658VaI4+YSzQ==}
    hasBin: true
    optionalDependencies:
      turbo-darwin-64: 1.10.13
      turbo-darwin-arm64: 1.10.13
      turbo-linux-64: 1.10.13
      turbo-linux-arm64: 1.10.13
      turbo-windows-64: 1.10.13
      turbo-windows-arm64: 1.10.13
    dev: true

  /typescript@5.2.2:
    resolution: {integrity: sha512-mI4WrpHsbCIcwT9cF4FZvr80QUeKvsUsUvKDoR+X/7XHQH98xYD8YHZg7ANtz2GtZt/CBq2QJ0thkGJMHfqc1w==}
    engines: {node: '>=14.17'}
    hasBin: true
    dev: true

  /zod@3.22.2:
    resolution: {integrity: sha512-wvWkphh5WQsJbVk1tbx1l1Ly4yg+XecD+Mq280uBGt9wa5BKSWf4Mhp6GmrkPixhMxmabYY7RbzlwVP32pbGCg==}
    dev: false
